
Microsoft Visual Studio Solution File, Format Version 12.00
# Visual Studio Version 17
VisualStudioVersion = 17.8.34408.163
MinimumVisualStudioVersion = 10.0.40219.1
Project("{9A19103F-16F7-4668-BE54-9A1E7A4F7556}") = "DIO.Bank", "DIO.Bank.csproj", "{90EBE024-D770-4CC5-83A0-68ED83AECEAD}"
EndProject
Global
	GlobalSection(SolutionConfigurationPlatforms) = preSolution
		Debug|Any CPU = Debug|Any CPU
		Release|Any CPU = Release|Any CPU
	EndGlobalSection
	GlobalSection(ProjectConfigurationPlatforms) = postSolution
		{90EBE024-D770-4CC5-83A0-68ED83AECEAD}.Debug|Any CPU.ActiveCfg = Debug|Any CPU
		{90EBE024-D770-4CC5-83A0-68ED83AECEAD}.Debug|Any CPU.Build.0 = Debug|Any CPU
		{90EBE024-D770-4CC5-83A0-68ED83AECEAD}.Release|Any CPU.ActiveCfg = Release|Any CPU
		{90EBE024-D770-4CC5-83A0-68ED83AECEAD}.Release|Any CPU.Build.0 = Release|Any CPU
	EndGlobalSection
	GlobalSection(SolutionProperties) = preSolution
		HideSolutionNode = FALSE
	EndGlobalSection
	GlobalSection(ExtensibilityGlobals) = postSolution
		SolutionGuid = {B1F6BF79-4B8D-44D3-AA73-323433FEC719}
	EndGlobalSection
EndGlobal
